// !$*UTF8*$!
{
	archiveVersion = 1;
	classes = {
	};
	objectVersion = 46;
	objects = {

/* Begin PBXBuildFile section */
		084115411475489C000A21FD /* UIKit.framework in Frameworks */ = {isa = PBXBuildFile; fileRef = 084115401475489C000A21FD /* UIKit.framework */; };
		084115431475489C000A21FD /* Foundation.framework in Frameworks */ = {isa = PBXBuildFile; fileRef = 084115421475489C000A21FD /* Foundation.framework */; };
		084115451475489C000A21FD /* CoreGraphics.framework in Frameworks */ = {isa = PBXBuildFile; fileRef = 084115441475489C000A21FD /* CoreGraphics.framework */; };
		0841154B1475489C000A21FD /* InfoPlist.strings in Resources */ = {isa = PBXBuildFile; fileRef = 084115491475489C000A21FD /* InfoPlist.strings */; };
		0841154D1475489C000A21FD /* main.m in Sources */ = {isa = PBXBuildFile; fileRef = 0841154C1475489C000A21FD /* main.m */; };
		084115511475489C000A21FD /* AppDelegate.m in Sources */ = {isa = PBXBuildFile; fileRef = 084115501475489C000A21FD /* AppDelegate.m */; };
		084115541475489C000A21FD /* ViewController.m in Sources */ = {isa = PBXBuildFile; fileRef = 084115531475489C000A21FD /* ViewController.m */; };
		0841156414758506000A21FD /* SpiraleGestureRecognizer.m in Sources */ = {isa = PBXBuildFile; fileRef = 0841156314758506000A21FD /* SpiraleGestureRecognizer.m */; };
		0841158C1475CE68000A21FD /* ViewController.xib in Resources */ = {isa = PBXBuildFile; fileRef = 0841158B1475CE68000A21FD /* ViewController.xib */; };
		084115A71475D4CD000A21FD /* ViewController-iPad.xib in Resources */ = {isa = PBXBuildFile; fileRef = 084115A61475D4CD000A21FD /* ViewController-iPad.xib */; };
		084115B01475D614000A21FD /* Untitled-iPad.png in Resources */ = {isa = PBXBuildFile; fileRef = 084115AF1475D614000A21FD /* Untitled-iPad.png */; };
		084115B21475D657000A21FD /* Untitled.png in Resources */ = {isa = PBXBuildFile; fileRef = 084115B11475D657000A21FD /* Untitled.png */; };
		084115B61475D6D0000A21FD /* Untitled@2x.png in Resources */ = {isa = PBXBuildFile; fileRef = 084115B51475D6CF000A21FD /* Untitled@2x.png */; };
/* End PBXBuildFile section */

/* Begin PBXFileReference section */
		0841153C1475489C000A21FD /* gestureRecognitionTemplate.app */ = {isa = PBXFileReference; explicitFileType = wrapper.application; includeInIndex = 0; path = gestureRecognitionTemplate.app; sourceTree = BUILT_PRODUCTS_DIR; };
		084115401475489C000A21FD /* UIKit.framework */ = {isa = PBXFileReference; lastKnownFileType = wrapper.framework; name = UIKit.framework; path = System/Library/Frameworks/UIKit.framework; sourceTree = SDKROOT; };
		084115421475489C000A21FD /* Foundation.framework */ = {isa = PBXFileReference; lastKnownFileType = wrapper.framework; name = Foundation.framework; path = System/Library/Frameworks/Foundation.framework; sourceTree = SDKROOT; };
		084115441475489C000A21FD /* CoreGraphics.framework */ = {isa = PBXFileReference; lastKnownFileType = wrapper.framework; name = CoreGraphics.framework; path = System/Library/Frameworks/CoreGraphics.framework; sourceTree = SDKROOT; };
		084115481475489C000A21FD /* gestureRecognitionTemplate-Info.plist */ = {isa = PBXFileReference; lastKnownFileType = text.plist.xml; path = "gestureRecognitionTemplate-Info.plist"; sourceTree = "<group>"; };
		0841154A1475489C000A21FD /* en */ = {isa = PBXFileReference; lastKnownFileType = text.plist.strings; name = en; path = en.lproj/InfoPlist.strings; sourceTree = "<group>"; };
		0841154C1475489C000A21FD /* main.m */ = {isa = PBXFileReference; lastKnownFileType = sourcecode.c.objc; path = main.m; sourceTree = "<group>"; };
		0841154E1475489C000A21FD /* gestureRecognitionTemplate-Prefix.pch */ = {isa = PBXFileReference; lastKnownFileType = sourcecode.c.h; path = "gestureRecognitionTemplate-Prefix.pch"; sourceTree = "<group>"; };
		0841154F1475489C000A21FD /* AppDelegate.h */ = {isa = PBXFileReference; lastKnownFileType = sourcecode.c.h; path = AppDelegate.h; sourceTree = "<group>"; };
		084115501475489C000A21FD /* AppDelegate.m */ = {isa = PBXFileReference; lastKnownFileType = sourcecode.c.objc; path = AppDelegate.m; sourceTree = "<group>"; };
		084115521475489C000A21FD /* ViewController.h */ = {isa = PBXFileReference; lastKnownFileType = sourcecode.c.h; path = ViewController.h; sourceTree = "<group>"; };
		084115531475489C000A21FD /* ViewController.m */ = {isa = PBXFileReference; lastKnownFileType = sourcecode.c.objc; path = ViewController.m; sourceTree = "<group>"; };
		0841156214758506000A21FD /* SpiraleGestureRecognizer.h */ = {isa = PBXFileReference; fileEncoding = 4; lastKnownFileType = sourcecode.c.h; path = SpiraleGestureRecognizer.h; sourceTree = "<group>"; };
		0841156314758506000A21FD /* SpiraleGestureRecognizer.m */ = {isa = PBXFileReference; fileEncoding = 4; lastKnownFileType = sourcecode.c.objc; path = SpiraleGestureRecognizer.m; sourceTree = "<group>"; };
		084115671475B79D000A21FD /* gestureRecognitionCommons.h */ = {isa = PBXFileReference; fileEncoding = 4; lastKnownFileType = sourcecode.c.h; path = gestureRecognitionCommons.h; sourceTree = "<group>"; };
		0841158B1475CE68000A21FD /* ViewController.xib */ = {isa = PBXFileReference; fileEncoding = 4; lastKnownFileType = file.xib; path = ViewController.xib; sourceTree = "<group>"; };
		084115A61475D4CD000A21FD /* ViewController-iPad.xib */ = {isa = PBXFileReference; fileEncoding = 4; lastKnownFileType = file.xib; path = "ViewController-iPad.xib"; sourceTree = "<group>"; };
		084115AF1475D614000A21FD /* Untitled-iPad.png */ = {isa = PBXFileReference; lastKnownFileType = image.png; path = "Untitled-iPad.png"; sourceTree = "<group>"; };
		084115B11475D657000A21FD /* Untitled.png */ = {isa = PBXFileReference; lastKnownFileType = image.png; name = Untitled.png; path = gestureRecognitionTemplate/Images/Untitled.png; sourceTree = "<group>"; };
		084115B51475D6CF000A21FD /* Untitled@2x.png */ = {isa = PBXFileReference; lastKnownFileType = image.png; path = "Untitled@2x.png"; sourceTree = "<group>"; };
/* End PBXFileReference section */

/* Begin PBXFrameworksBuildPhase section */
		084115391475489B000A21FD /* Frameworks */ = {
			isa = PBXFrameworksBuildPhase;
			buildActionMask = 2147483647;
			files = (
				084115411475489C000A21FD /* UIKit.framework in Frameworks */,
				084115431475489C000A21FD /* Foundation.framework in Frameworks */,
				084115451475489C000A21FD /* CoreGraphics.framework in Frameworks */,
			);
			runOnlyForDeploymentPostprocessing = 0;
		};
/* End PBXFrameworksBuildPhase section */

/* Begin PBXGroup section */
		084115311475489B000A21FD = {
			isa = PBXGroup;
			children = (
				084115AC1475D5E5000A21FD /* Images */,
				084115461475489C000A21FD /* gestureRecognitionTemplate */,
				0841153F1475489C000A21FD /* Frameworks */,
				0841153D1475489C000A21FD /* Products */,
			);
			sourceTree = "<group>";
		};
		0841153D1475489C000A21FD /* Products */ = {
			isa = PBXGroup;
			children = (
				0841153C1475489C000A21FD /* gestureRecognitionTemplate.app */,
			);
			name = Products;
			sourceTree = "<group>";
		};
		0841153F1475489C000A21FD /* Frameworks */ = {
			isa = PBXGroup;
			children = (
				084115401475489C000A21FD /* UIKit.framework */,
				084115421475489C000A21FD /* Foundation.framework */,
				084115441475489C000A21FD /* CoreGraphics.framework */,
			);
			name = Frameworks;
			sourceTree = "<group>";
		};
		084115461475489C000A21FD /* gestureRecognitionTemplate */ = {
			isa = PBXGroup;
			children = (
				084115671475B79D000A21FD /* gestureRecognitionCommons.h */,
				08411561147584B5000A21FD /* spiraleGestureRecognizer */,
				0841156514758514000A21FD /* viewController */,
				0841154F1475489C000A21FD /* AppDelegate.h */,
				084115501475489C000A21FD /* AppDelegate.m */,
				084115471475489C000A21FD /* Supporting Files */,
			);
			path = gestureRecognitionTemplate;
			sourceTree = "<group>";
		};
		084115471475489C000A21FD /* Supporting Files */ = {
			isa = PBXGroup;
			children = (
				084115481475489C000A21FD /* gestureRecognitionTemplate-Info.plist */,
				084115491475489C000A21FD /* InfoPlist.strings */,
				0841154C1475489C000A21FD /* main.m */,
				0841154E1475489C000A21FD /* gestureRecognitionTemplate-Prefix.pch */,
			);
			name = "Supporting Files";
			sourceTree = "<group>";
		};
		08411561147584B5000A21FD /* spiraleGestureRecognizer */ = {
			isa = PBXGroup;
			children = (
				0841156214758506000A21FD /* SpiraleGestureRecognizer.h */,
				0841156314758506000A21FD /* SpiraleGestureRecognizer.m */,
			);
			name = spiraleGestureRecognizer;
			sourceTree = "<group>";
		};
		0841156514758514000A21FD /* viewController */ = {
			isa = PBXGroup;
			children = (
				084115521475489C000A21FD /* ViewController.h */,
				084115531475489C000A21FD /* ViewController.m */,
				0841158B1475CE68000A21FD /* ViewController.xib */,
				084115A61475D4CD000A21FD /* ViewController-iPad.xib */,
			);
			name = viewController;
			sourceTree = "<group>";
		};
		084115AC1475D5E5000A21FD /* Images */ = {
			isa = PBXGroup;
			children = (
				084115B11475D657000A21FD /* Untitled.png */,
				084115B51475D6CF000A21FD /* Untitled@2x.png */,
				084115AF1475D614000A21FD /* Untitled-iPad.png */,
			);
			name = Images;
			sourceTree = "<group>";
		};
/* End PBXGroup section */

/* Begin PBXNativeTarget section */
		0841153B1475489B000A21FD /* gestureRecognitionTemplate */ = {
			isa = PBXNativeTarget;
			buildConfigurationList = 0841155A1475489C000A21FD /* Build configuration list for PBXNativeTarget "gestureRecognitionTemplate" */;
			buildPhases = (
				084115381475489B000A21FD /* Sources */,
				084115391475489B000A21FD /* Frameworks */,
				0841153A1475489B000A21FD /* Resources */,
			);
			buildRules = (
			);
			dependencies = (
			);
			name = gestureRecognitionTemplate;
			productName = gestureRecognitionTemplate;
			productReference = 0841153C1475489C000A21FD /* gestureRecognitionTemplate.app */;
			productType = "com.apple.product-type.application";
		};
/* End PBXNativeTarget section */

/* Begin PBXProject section */
		084115331475489B000A21FD /* Project object */ = {
			isa = PBXProject;
			attributes = {
				LastUpgradeCheck = 0420;
			};
			buildConfigurationList = 084115361475489B000A21FD /* Build configuration list for PBXProject "gestureRecognitionTemplate" */;
			compatibilityVersion = "Xcode 3.2";
			developmentRegion = English;
			hasScannedForEncodings = 0;
			knownRegions = (
				en,
			);
			mainGroup = 084115311475489B000A21FD;
			productRefGroup = 0841153D1475489C000A21FD /* Products */;
			projectDirPath = "";
			projectRoot = "";
			targets = (
				0841153B1475489B000A21FD /* gestureRecognitionTemplate */,
			);
		};
/* End PBXProject section */

/* Begin PBXResourcesBuildPhase section */
		0841153A1475489B000A21FD /* Resources */ = {
			isa = PBXResourcesBuildPhase;
			buildActionMask = 2147483647;
			files = (
				0841154B1475489C000A21FD /* InfoPlist.strings in Resources */,
				0841158C1475CE68000A21FD /* ViewController.xib in Resources */,
				084115A71475D4CD000A21FD /* ViewController-iPad.xib in Resources */,
				084115B01475D614000A21FD /* Untitled-iPad.png in Resources */,
				084115B21475D657000A21FD /* Untitled.png in Resources */,
				084115B61475D6D0000A21FD /* Untitled@2x.png in Resources */,
			);
			runOnlyForDeploymentPostprocessing = 0;
		};
/* End PBXResourcesBuildPhase section */

/* Begin PBXSourcesBuildPhase section */
		084115381475489B000A21FD /* Sources */ = {
			isa = PBXSourcesBuildPhase;
			buildActionMask = 2147483647;
			files = (
				0841154D1475489C000A21FD /* main.m in Sources */,
				084115511475489C000A21FD /* AppDelegate.m in Sources */,
				084115541475489C000A21FD /* ViewController.m in Sources */,
				0841156414758506000A21FD /* SpiraleGestureRecognizer.m in Sources */,
			);
			runOnlyForDeploymentPostprocessing = 0;
		};
/* End PBXSourcesBuildPhase section */

/* Begin PBXVariantGroup section */
		084115491475489C000A21FD /* InfoPlist.strings */ = {
			isa = PBXVariantGroup;
			children = (
				0841154A1475489C000A21FD /* en */,
			);
			name = InfoPlist.strings;
			sourceTree = "<group>";
		};
/* End PBXVariantGroup section */

/* Begin XCBuildConfiguration section */
		084115581475489C000A21FD /* Debug */ = {
			isa = XCBuildConfiguration;
			buildSettings = {
				ALWAYS_SEARCH_USER_PATHS = NO;
				ARCHS = "$(ARCHS_STANDARD_32_BIT)";
				CLANG_ENABLE_OBJC_ARC = YES;
				"CODE_SIGN_IDENTITY[sdk=iphoneos*]" = "iPhone Developer";
				COPY_PHASE_STRIP = NO;
				GCC_C_LANGUAGE_STANDARD = gnu99;
				GCC_DYNAMIC_NO_PIC = NO;
				GCC_OPTIMIZATION_LEVEL = 0;
				GCC_PREPROCESSOR_DEFINITIONS = (
					"DEBUG=1",
					"$(inherited)",
				);
				GCC_SYMBOLS_PRIVATE_EXTERN = NO;
				GCC_VERSION = com.apple.compilers.llvm.clang.1_0;
				GCC_WARN_ABOUT_MISSING_PROTOTYPES = YES;
				GCC_WARN_ABOUT_RETURN_TYPE = YES;
				GCC_WARN_UNUSED_VARIABLE = YES;
				IPHONEOS_DEPLOYMENT_TARGET = 5.0;
				SDKROOT = iphoneos;
				TARGETED_DEVICE_FAMILY = 2;
			};
			name = Debug;
		};
		084115591475489C000A21FD /* Release */ = {
			isa = XCBuildConfiguration;
			buildSettings = {
				ALWAYS_SEARCH_USER_PATHS = NO;
				ARCHS = "$(ARCHS_STANDARD_32_BIT)";
				CLANG_ENABLE_OBJC_ARC = YES;
				"CODE_SIGN_IDENTITY[sdk=iphoneos*]" = "iPhone Developer";
				COPY_PHASE_STRIP = YES;
				GCC_C_LANGUAGE_STANDARD = gnu99;
				GCC_VERSION = com.apple.compilers.llvm.clang.1_0;
				GCC_WARN_ABOUT_MISSING_PROTOTYPES = YES;
				GCC_WARN_ABOUT_RETURN_TYPE = YES;
				GCC_WARN_UNUSED_VARIABLE = YES;
				IPHONEOS_DEPLOYMENT_TARGET = 5.0;
				OTHER_CFLAGS = "-DNS_BLOCK_ASSERTIONS=1";
				SDKROOT = iphoneos;
				TARGETED_DEVICE_FAMILY = 2;
				VALIDATE_PRODUCT = YES;
			};
			name = Release;
		};
		0841155B1475489C000A21FD /* Debug */ = {
			isa = XCBuildConfiguration;
			buildSettings = {
				GCC_PRECOMPILE_PREFIX_HEADER = YES;
				GCC_PREFIX_HEADER = "gestureRecognitionTemplate/gestureRecognitionTemplate-Prefix.pch";
				INFOPLIST_FILE = "gestureRecognitionTemplate/gestureRecognitionTemplate-Info.plist";
				IPHONEOS_DEPLOYMENT_TARGET = 5.0;
				PRODUCT_NAME = "$(TARGET_NAME)";
				TARGETED_DEVICE_FAMILY = "1,2";
				WRAPPER_EXTENSION = app;
			};
			name = Debug;
		};
		0841155C1475489C000A21FD /* Release */ = {
			isa = XCBuildConfiguration;
			buildSettings = {
				GCC_PRECOMPILE_PREFIX_HEADER = YES;
				GCC_PREFIX_HEADER = "gestureRecognitionTemplate/gestureRecognitionTemplate-Prefix.pch";
				INFOPLIST_FILE = "gestureRecognitionTemplate/gestureRecognitionTemplate-Info.plist";
				IPHONEOS_DEPLOYMENT_TARGET = 5.0;
				PRODUCT_NAME = "$(TARGET_NAME)";
				TARGETED_DEVICE_FAMILY = "1,2";
				WRAPPER_EXTENSION = app;
			};
			name = Release;
		};
/* End XCBuildConfiguration section */

/* Begin XCConfigurationList section */
		084115361475489B000A21FD /* Build configuration list for PBXProject "gestureRecognitionTemplate" */ = {
			isa = XCConfigurationList;
			buildConfigurations = (
				084115581475489C000A21FD /* Debug */,
				084115591475489C000A21FD /* Release */,
			);
			defaultConfigurationIsVisible = 0;
			defaultConfigurationName = Release;
		};
		0841155A1475489C000A21FD /* Build configuration list for PBXNativeTarget "gestureRecognitionTemplate" */ = {
			isa = XCConfigurationList;
			buildConfigurations = (
				0841155B1475489C000A21FD /* Debug */,
				0841155C1475489C000A21FD /* Release */,
			);
			defaultConfigurationIsVisible = 0;
		};
/* End XCConfigurationList section */
	};
	rootObject = 084115331475489B000A21FD /* Project object */;
}
